// !$*UTF8*$!
{
	archiveVersion = 1;
	classes = {
	};
	objectVersion = 51;
	objects = {

/* Begin PBXBuildFile section */
		93B996BC26FA1E4E00082181 /* AppDelegate.swift in Sources */ = {isa = PBXBuildFile; fileRef = 93B996BB26FA1E4E00082181 /* AppDelegate.swift */; };
		93B996BE26FA1E4E00082181 /* SceneDelegate.swift in Sources */ = {isa = PBXBuildFile; fileRef = 93B996BD26FA1E4E00082181 /* SceneDelegate.swift */; };
		93B996C026FA1E4E00082181 /* ViewController.swift in Sources */ = {isa = PBXBuildFile; fileRef = 93B996BF26FA1E4E00082181 /* ViewController.swift */; };
		93B996C326FA1E4E00082181 /* Main.storyboard in Resources */ = {isa = PBXBuildFile; fileRef = 93B996C126FA1E4E00082181 /* Main.storyboard */; };
		93B996C526FA1E4F00082181 /* Assets.xcassets in Resources */ = {isa = PBXBuildFile; fileRef = 93B996C426FA1E4F00082181 /* Assets.xcassets */; };
		93B996C826FA1E4F00082181 /* LaunchScreen.storyboard in Resources */ = {isa = PBXBuildFile; fileRef = 93B996C626FA1E4F00082181 /* LaunchScreen.storyboard */; };
		93B996D026FA1F8800082181 /* swiftgen.yml in Resources */ = {isa = PBXBuildFile; fileRef = 93B996CF26FA1F8800082181 /* swiftgen.yml */; };
		93B996D526FA206100082181 /* Localizable.strings in Resources */ = {isa = PBXBuildFile; fileRef = 93B996D426FA206100082181 /* Localizable.strings */; };
		93B996D826FA229D00082181 /* Assets-Gen.swift in Sources */ = {isa = PBXBuildFile; fileRef = 93B996D626FA229D00082181 /* Assets-Gen.swift */; };
		93B996D926FA229D00082181 /* Strings-Gen.swift in Sources */ = {isa = PBXBuildFile; fileRef = 93B996D726FA229D00082181 /* Strings-Gen.swift */; };
		9690731B9E0F97951489FFCF /* Pods_CameraMakeUp.framework in Frameworks */ = {isa = PBXBuildFile; fileRef = 3AF56319144C9508A02EFB5E /* Pods_CameraMakeUp.framework */; };
/* End PBXBuildFile section */

/* Begin PBXFileReference section */
		3AF56319144C9508A02EFB5E /* Pods_CameraMakeUp.framework */ = {isa = PBXFileReference; explicitFileType = wrapper.framework; includeInIndex = 0; path = Pods_CameraMakeUp.framework; sourceTree = BUILT_PRODUCTS_DIR; };
		4385463B0316E37E052F591E /* Pods-CameraMakeUp.debug.xcconfig */ = {isa = PBXFileReference; includeInIndex = 1; lastKnownFileType = text.xcconfig; name = "Pods-CameraMakeUp.debug.xcconfig"; path = "Target Support Files/Pods-CameraMakeUp/Pods-CameraMakeUp.debug.xcconfig"; sourceTree = "<group>"; };
		93B996B826FA1E4E00082181 /* CameraMakeUp.app */ = {isa = PBXFileReference; explicitFileType = wrapper.application; includeInIndex = 0; path = CameraMakeUp.app; sourceTree = BUILT_PRODUCTS_DIR; };
		93B996BB26FA1E4E00082181 /* AppDelegate.swift */ = {isa = PBXFileReference; lastKnownFileType = sourcecode.swift; path = AppDelegate.swift; sourceTree = "<group>"; };
		93B996BD26FA1E4E00082181 /* SceneDelegate.swift */ = {isa = PBXFileReference; lastKnownFileType = sourcecode.swift; path = SceneDelegate.swift; sourceTree = "<group>"; };
		93B996BF26FA1E4E00082181 /* ViewController.swift */ = {isa = PBXFileReference; lastKnownFileType = sourcecode.swift; path = ViewController.swift; sourceTree = "<group>"; };
		93B996C226FA1E4E00082181 /* Base */ = {isa = PBXFileReference; lastKnownFileType = file.storyboard; name = Base; path = Base.lproj/Main.storyboard; sourceTree = "<group>"; };
		93B996C426FA1E4F00082181 /* Assets.xcassets */ = {isa = PBXFileReference; lastKnownFileType = folder.assetcatalog; path = Assets.xcassets; sourceTree = "<group>"; };
		93B996C726FA1E4F00082181 /* Base */ = {isa = PBXFileReference; lastKnownFileType = file.storyboard; name = Base; path = Base.lproj/LaunchScreen.storyboard; sourceTree = "<group>"; };
		93B996C926FA1E4F00082181 /* Info.plist */ = {isa = PBXFileReference; lastKnownFileType = text.plist.xml; path = Info.plist; sourceTree = "<group>"; };
		93B996CF26FA1F8800082181 /* swiftgen.yml */ = {isa = PBXFileReference; fileEncoding = 4; lastKnownFileType = text.yaml; path = swiftgen.yml; sourceTree = "<group>"; };
		93B996D426FA206100082181 /* Localizable.strings */ = {isa = PBXFileReference; lastKnownFileType = text.plist.strings; path = Localizable.strings; sourceTree = "<group>"; };
		93B996D626FA229D00082181 /* Assets-Gen.swift */ = {isa = PBXFileReference; fileEncoding = 4; lastKnownFileType = sourcecode.swift; path = "Assets-Gen.swift"; sourceTree = "<group>"; };
		93B996D726FA229D00082181 /* Strings-Gen.swift */ = {isa = PBXFileReference; fileEncoding = 4; lastKnownFileType = sourcecode.swift; path = "Strings-Gen.swift"; sourceTree = "<group>"; };
		BBB4C85745D043C675F0573C /* Pods-CameraMakeUp.release.xcconfig */ = {isa = PBXFileReference; includeInIndex = 1; lastKnownFileType = text.xcconfig; name = "Pods-CameraMakeUp.release.xcconfig"; path = "Target Support Files/Pods-CameraMakeUp/Pods-CameraMakeUp.release.xcconfig"; sourceTree = "<group>"; };
/* End PBXFileReference section */

/* Begin PBXFrameworksBuildPhase section */
		93B996B526FA1E4E00082181 /* Frameworks */ = {
			isa = PBXFrameworksBuildPhase;
			buildActionMask = 2147483647;
			files = (
				9690731B9E0F97951489FFCF /* Pods_CameraMakeUp.framework in Frameworks */,
			);
			runOnlyForDeploymentPostprocessing = 0;
		};
/* End PBXFrameworksBuildPhase section */

/* Begin PBXGroup section */
		93B996AF26FA1E4E00082181 = {
			isa = PBXGroup;
			children = (
				93B996CF26FA1F8800082181 /* swiftgen.yml */,
				93B996BA26FA1E4E00082181 /* CameraMakeUp */,
				93B996B926FA1E4E00082181 /* Products */,
				9C515FA3A282D71A6C7B3AB1 /* Pods */,
				ECDEBFC9154B00D7815F2D2E /* Frameworks */,
			);
			sourceTree = "<group>";
		};
		93B996B926FA1E4E00082181 /* Products */ = {
			isa = PBXGroup;
			children = (
				93B996B826FA1E4E00082181 /* CameraMakeUp.app */,
			);
			name = Products;
			sourceTree = "<group>";
		};
		93B996BA26FA1E4E00082181 /* CameraMakeUp */ = {
			isa = PBXGroup;
			children = (
				93B996D326FA201F00082181 /* Localizable */,
				93B996D226FA1FD200082181 /* SwiftGen */,
				93B996BB26FA1E4E00082181 /* AppDelegate.swift */,
				93B996BD26FA1E4E00082181 /* SceneDelegate.swift */,
				93B996BF26FA1E4E00082181 /* ViewController.swift */,
				93B996C126FA1E4E00082181 /* Main.storyboard */,
				93B996C426FA1E4F00082181 /* Assets.xcassets */,
				93B996C626FA1E4F00082181 /* LaunchScreen.storyboard */,
				93B996C926FA1E4F00082181 /* Info.plist */,
			);
			path = CameraMakeUp;
			sourceTree = "<group>";
		};
		93B996D226FA1FD200082181 /* SwiftGen */ = {
			isa = PBXGroup;
			children = (
				93B996D626FA229D00082181 /* Assets-Gen.swift */,
				93B996D726FA229D00082181 /* Strings-Gen.swift */,
			);
			path = SwiftGen;
			sourceTree = "<group>";
		};
		93B996D326FA201F00082181 /* Localizable */ = {
			isa = PBXGroup;
			children = (
				93B996D426FA206100082181 /* Localizable.strings */,
			);
			path = Localizable;
			sourceTree = "<group>";
		};
		9C515FA3A282D71A6C7B3AB1 /* Pods */ = {
			isa = PBXGroup;
			children = (
				4385463B0316E37E052F591E /* Pods-CameraMakeUp.debug.xcconfig */,
				BBB4C85745D043C675F0573C /* Pods-CameraMakeUp.release.xcconfig */,
			);
			path = Pods;
			sourceTree = "<group>";
		};
		ECDEBFC9154B00D7815F2D2E /* Frameworks */ = {
			isa = PBXGroup;
			children = (
				3AF56319144C9508A02EFB5E /* Pods_CameraMakeUp.framework */,
			);
			name = Frameworks;
			sourceTree = "<group>";
		};
/* End PBXGroup section */

/* Begin PBXNativeTarget section */
		93B996B726FA1E4E00082181 /* CameraMakeUp */ = {
			isa = PBXNativeTarget;
			buildConfigurationList = 93B996CC26FA1E4F00082181 /* Build configuration list for PBXNativeTarget "CameraMakeUp" */;
			buildPhases = (
				374DFFD9DE1E46178972530A /* [CP] Check Pods Manifest.lock */,
				93B996B426FA1E4E00082181 /* Sources */,
				93B996B526FA1E4E00082181 /* Frameworks */,
				93B996B626FA1E4E00082181 /* Resources */,
				B70FA2A0F64386676FA93DF0 /* [CP] Embed Pods Frameworks */,
			);
			buildRules = (
			);
			dependencies = (
			);
			name = CameraMakeUp;
			productName = CameraMakeUp;
			productReference = 93B996B826FA1E4E00082181 /* CameraMakeUp.app */;
			productType = "com.apple.product-type.application";
		};
/* End PBXNativeTarget section */

/* Begin PBXProject section */
		93B996B026FA1E4E00082181 /* Project object */ = {
			isa = PBXProject;
			attributes = {
				LastSwiftUpdateCheck = 1250;
				LastUpgradeCheck = 1250;
				TargetAttributes = {
					93B996B726FA1E4E00082181 = {
						CreatedOnToolsVersion = 12.5.1;
					};
				};
			};
			buildConfigurationList = 93B996B326FA1E4E00082181 /* Build configuration list for PBXProject "CameraMakeUp" */;
			compatibilityVersion = "Xcode 9.3";
			developmentRegion = en;
			hasScannedForEncodings = 0;
			knownRegions = (
				en,
				Base,
			);
			mainGroup = 93B996AF26FA1E4E00082181;
			productRefGroup = 93B996B926FA1E4E00082181 /* Products */;
			projectDirPath = "";
			projectRoot = "";
			targets = (
				93B996B726FA1E4E00082181 /* CameraMakeUp */,
			);
		};
/* End PBXProject section */

/* Begin PBXResourcesBuildPhase section */
		93B996B626FA1E4E00082181 /* Resources */ = {
			isa = PBXResourcesBuildPhase;
			buildActionMask = 2147483647;
			files = (
				93B996D526FA206100082181 /* Localizable.strings in Resources */,
				93B996C826FA1E4F00082181 /* LaunchScreen.storyboard in Resources */,
				93B996C526FA1E4F00082181 /* Assets.xcassets in Resources */,
				93B996C326FA1E4E00082181 /* Main.storyboard in Resources */,
				93B996D026FA1F8800082181 /* swiftgen.yml in Resources */,
			);
			runOnlyForDeploymentPostprocessing = 0;
		};
/* End PBXResourcesBuildPhase section */

/* Begin PBXShellScriptBuildPhase section */
		374DFFD9DE1E46178972530A /* [CP] Check Pods Manifest.lock */ = {
			isa = PBXShellScriptBuildPhase;
			buildActionMask = 2147483647;
			files = (
			);
			inputFileListPaths = (
			);
			inputPaths = (
				"${PODS_PODFILE_DIR_PATH}/Podfile.lock",
				"${PODS_ROOT}/Manifest.lock",
			);
			name = "[CP] Check Pods Manifest.lock";
			outputFileListPaths = (
			);
			outputPaths = (
				"$(DERIVED_FILE_DIR)/Pods-CameraMakeUp-checkManifestLockResult.txt",
			);
			runOnlyForDeploymentPostprocessing = 0;
			shellPath = /bin/sh;
			shellScript = "diff \"${PODS_PODFILE_DIR_PATH}/Podfile.lock\" \"${PODS_ROOT}/Manifest.lock\" > /dev/null\nif [ $? != 0 ] ; then\n    # print error to STDERR\n    echo \"error: The sandbox is not in sync with the Podfile.lock. Run 'pod install' or update your CocoaPods installation.\" >&2\n    exit 1\nfi\n# This output is used by Xcode 'outputs' to avoid re-running this script phase.\necho \"SUCCESS\" > \"${SCRIPT_OUTPUT_FILE_0}\"\n";
			showEnvVarsInLog = 0;
		};
		B70FA2A0F64386676FA93DF0 /* [CP] Embed Pods Frameworks */ = {
			isa = PBXShellScriptBuildPhase;
			buildActionMask = 2147483647;
			files = (
			);
			inputFileListPaths = (
				"${PODS_ROOT}/Target Support Files/Pods-CameraMakeUp/Pods-CameraMakeUp-frameworks-${CONFIGURATION}-input-files.xcfilelist",
			);
			name = "[CP] Embed Pods Frameworks";
			outputFileListPaths = (
				"${PODS_ROOT}/Target Support Files/Pods-CameraMakeUp/Pods-CameraMakeUp-frameworks-${CONFIGURATION}-output-files.xcfilelist",
			);
			runOnlyForDeploymentPostprocessing = 0;
			shellPath = /bin/sh;
			shellScript = "\"${PODS_ROOT}/Target Support Files/Pods-CameraMakeUp/Pods-CameraMakeUp-frameworks.sh\"\n";
			showEnvVarsInLog = 0;
		};
/* End PBXShellScriptBuildPhase section */

/* Begin PBXSourcesBuildPhase section */
		93B996B426FA1E4E00082181 /* Sources */ = {
			isa = PBXSourcesBuildPhase;
			buildActionMask = 2147483647;
			files = (
				93B996C026FA1E4E00082181 /* ViewController.swift in Sources */,
				93B996D826FA229D00082181 /* Assets-Gen.swift in Sources */,
				93B996BC26FA1E4E00082181 /* AppDelegate.swift in Sources */,
				93B996D926FA229D00082181 /* Strings-Gen.swift in Sources */,
				93B996BE26FA1E4E00082181 /* SceneDelegate.swift in Sources */,
			);
			runOnlyForDeploymentPostprocessing = 0;
		};
/* End PBXSourcesBuildPhase section */

/* Begin PBXVariantGroup section */
		93B996C126FA1E4E00082181 /* Main.storyboard */ = {
			isa = PBXVariantGroup;
			children = (
				93B996C226FA1E4E00082181 /* Base */,
			);
			name = Main.storyboard;
			sourceTree = "<group>";
		};
		93B996C626FA1E4F00082181 /* LaunchScreen.storyboard */ = {
			isa = PBXVariantGroup;
			children = (
				93B996C726FA1E4F00082181 /* Base */,
			);
			name = LaunchScreen.storyboard;
			sourceTree = "<group>";
		};
/* End PBXVariantGroup section */

/* Begin XCBuildConfiguration section */
		93B996CA26FA1E4F00082181 /* Debug */ = {
			isa = XCBuildConfiguration;
			buildSettings = {
				ALWAYS_SEARCH_USER_PATHS = NO;
				CLANG_ANALYZER_NONNULL = YES;
				CLANG_ANALYZER_NUMBER_OBJECT_CONVERSION = YES_AGGRESSIVE;
				CLANG_CXX_LANGUAGE_STANDARD = "gnu++14";
				CLANG_CXX_LIBRARY = "libc++";
				CLANG_ENABLE_MODULES = YES;
				CLANG_ENABLE_OBJC_ARC = YES;
				CLANG_ENABLE_OBJC_WEAK = YES;
				CLANG_WARN_BLOCK_CAPTURE_AUTORELEASING = YES;
				CLANG_WARN_BOOL_CONVERSION = YES;
				CLANG_WARN_COMMA = YES;
				CLANG_WARN_CONSTANT_CONVERSION = YES;
				CLANG_WARN_DEPRECATED_OBJC_IMPLEMENTATIONS = YES;
				CLANG_WARN_DIRECT_OBJC_ISA_USAGE = YES_ERROR;
				CLANG_WARN_DOCUMENTATION_COMMENTS = YES;
				CLANG_WARN_EMPTY_BODY = YES;
				CLANG_WARN_ENUM_CONVERSION = YES;
				CLANG_WARN_INFINITE_RECURSION = YES;
				CLANG_WARN_INT_CONVERSION = YES;
				CLANG_WARN_NON_LITERAL_NULL_CONVERSION = YES;
				CLANG_WARN_OBJC_IMPLICIT_RETAIN_SELF = YES;
				CLANG_WARN_OBJC_LITERAL_CONVERSION = YES;
				CLANG_WARN_OBJC_ROOT_CLASS = YES_ERROR;
				CLANG_WARN_QUOTED_INCLUDE_IN_FRAMEWORK_HEADER = YES;
				CLANG_WARN_RANGE_LOOP_ANALYSIS = YES;
				CLANG_WARN_STRICT_PROTOTYPES = YES;
				CLANG_WARN_SUSPICIOUS_MOVE = YES;
				CLANG_WARN_UNGUARDED_AVAILABILITY = YES_AGGRESSIVE;
				CLANG_WARN_UNREACHABLE_CODE = YES;
				CLANG_WARN__DUPLICATE_METHOD_MATCH = YES;
				COPY_PHASE_STRIP = NO;
				DEBUG_INFORMATION_FORMAT = dwarf;
				ENABLE_STRICT_OBJC_MSGSEND = YES;
				ENABLE_TESTABILITY = YES;
				GCC_C_LANGUAGE_STANDARD = gnu11;
				GCC_DYNAMIC_NO_PIC = NO;
				GCC_NO_COMMON_BLOCKS = YES;
				GCC_OPTIMIZATION_LEVEL = 0;
				GCC_PREPROCESSOR_DEFINITIONS = (
					"DEBUG=1",
					"$(inherited)",
				);
				GCC_WARN_64_TO_32_BIT_CONVERSION = YES;
				GCC_WARN_ABOUT_RETURN_TYPE = YES_ERROR;
				GCC_WARN_UNDECLARED_SELECTOR = YES;
				GCC_WARN_UNINITIALIZED_AUTOS = YES_AGGRESSIVE;
				GCC_WARN_UNUSED_FUNCTION = YES;
				GCC_WARN_UNUSED_VARIABLE = YES;
				IPHONEOS_DEPLOYMENT_TARGET = 14.5;
				MTL_ENABLE_DEBUG_INFO = INCLUDE_SOURCE;
				MTL_FAST_MATH = YES;
				ONLY_ACTIVE_ARCH = YES;
				SDKROOT = iphoneos;
				SWIFT_ACTIVE_COMPILATION_CONDITIONS = DEBUG;
				SWIFT_OPTIMIZATION_LEVEL = "-Onone";
			};
			name = Debug;
		};
		93B996CB26FA1E4F00082181 /* Release */ = {
			isa = XCBuildConfiguration;
			buildSettings = {
				ALWAYS_SEARCH_USER_PATHS = NO;
				CLANG_ANALYZER_NONNULL = YES;
				CLANG_ANALYZER_NUMBER_OBJECT_CONVERSION = YES_AGGRESSIVE;
				CLANG_CXX_LANGUAGE_STANDARD = "gnu++14";
				CLANG_CXX_LIBRARY = "libc++";
				CLANG_ENABLE_MODULES = YES;
				CLANG_ENABLE_OBJC_ARC = YES;
				CLANG_ENABLE_OBJC_WEAK = YES;
				CLANG_WARN_BLOCK_CAPTURE_AUTORELEASING = YES;
				CLANG_WARN_BOOL_CONVERSION = YES;
				CLANG_WARN_COMMA = YES;
				CLANG_WARN_CONSTANT_CONVERSION = YES;
				CLANG_WARN_DEPRECATED_OBJC_IMPLEMENTATIONS = YES;
				CLANG_WARN_DIRECT_OBJC_ISA_USAGE = YES_ERROR;
				CLANG_WARN_DOCUMENTATION_COMMENTS = YES;
				CLANG_WARN_EMPTY_BODY = YES;
				CLANG_WARN_ENUM_CONVERSION = YES;
				CLANG_WARN_INFINITE_RECURSION = YES;
				CLANG_WARN_INT_CONVERSION = YES;
				CLANG_WARN_NON_LITERAL_NULL_CONVERSION = YES;
				CLANG_WARN_OBJC_IMPLICIT_RETAIN_SELF = YES;
				CLANG_WARN_OBJC_LITERAL_CONVERSION = YES;
				CLANG_WARN_OBJC_ROOT_CLASS = YES_ERROR;
				CLANG_WARN_QUOTED_INCLUDE_IN_FRAMEWORK_HEADER = YES;
				CLANG_WARN_RANGE_LOOP_ANALYSIS = YES;
				CLANG_WARN_STRICT_PROTOTYPES = YES;
				CLANG_WARN_SUSPICIOUS_MOVE = YES;
				CLANG_WARN_UNGUARDED_AVAILABILITY = YES_AGGRESSIVE;
				CLANG_WARN_UNREACHABLE_CODE = YES;
				CLANG_WARN__DUPLICATE_METHOD_MATCH = YES;
				COPY_PHASE_STRIP = NO;
				DEBUG_INFORMATION_FORMAT = "dwarf-with-dsym";
				ENABLE_NS_ASSERTIONS = NO;
				ENABLE_STRICT_OBJC_MSGSEND = YES;
				GCC_C_LANGUAGE_STANDARD = gnu11;
				GCC_NO_COMMON_BLOCKS = YES;
				GCC_WARN_64_TO_32_BIT_CONVERSION = YES;
				GCC_WARN_ABOUT_RETURN_TYPE = YES_ERROR;
				GCC_WARN_UNDECLARED_SELECTOR = YES;
				GCC_WARN_UNINITIALIZED_AUTOS = YES_AGGRESSIVE;
				GCC_WARN_UNUSED_FUNCTION = YES;
				GCC_WARN_UNUSED_VARIABLE = YES;
				IPHONEOS_DEPLOYMENT_TARGET = 14.5;
				MTL_ENABLE_DEBUG_INFO = NO;
				MTL_FAST_MATH = YES;
				SDKROOT = iphoneos;
				SWIFT_COMPILATION_MODE = wholemodule;
				SWIFT_OPTIMIZATION_LEVEL = "-O";
				VALIDATE_PRODUCT = YES;
			};
			name = Release;
		};
		93B996CD26FA1E4F00082181 /* Debug */ = {
			isa = XCBuildConfiguration;
			baseConfigurationReference = 4385463B0316E37E052F591E /* Pods-CameraMakeUp.debug.xcconfig */;
			buildSettings = {
				ASSETCATALOG_COMPILER_APPICON_NAME = AppIcon;
				ASSETCATALOG_COMPILER_GLOBAL_ACCENT_COLOR_NAME = AccentColor;
				CODE_SIGN_STYLE = Automatic;
				DEVELOPMENT_TEAM = 7VA7N3EEEN;
				INFOPLIST_FILE = CameraMakeUp/Info.plist;
				LD_RUNPATH_SEARCH_PATHS = (
					"$(inherited)",
					"@executable_path/Frameworks",
				);
				PRODUCT_BUNDLE_IDENTIFIER = haiphan.CameraMakeUp;
				PRODUCT_NAME = "$(TARGET_NAME)";
				SWIFT_VERSION = 5.0;
				TARGETED_DEVICE_FAMILY = "1,2";
			};
			name = Debug;
		};
		93B996CE26FA1E4F00082181 /* Release */ = {
			isa = XCBuildConfiguration;
			baseConfigurationReference = BBB4C85745D043C675F0573C /* Pods-CameraMakeUp.release.xcconfig */;
			buildSettings = {
				ASSETCATALOG_COMPILER_APPICON_NAME = AppIcon;
				ASSETCATALOG_COMPILER_GLOBAL_ACCENT_COLOR_NAME = AccentColor;
				CODE_SIGN_STYLE = Automatic;
				DEVELOPMENT_TEAM = 7VA7N3EEEN;
				INFOPLIST_FILE = CameraMakeUp/Info.plist;
				LD_RUNPATH_SEARCH_PATHS = (
					"$(inherited)",
					"@executable_path/Frameworks",
				);
				PRODUCT_BUNDLE_IDENTIFIER = haiphan.CameraMakeUp;
				PRODUCT_NAME = "$(TARGET_NAME)";
				SWIFT_VERSION = 5.0;
				TARGETED_DEVICE_FAMILY = "1,2";
			};
			name = Release;
		};
/* End XCBuildConfiguration section */

/* Begin XCConfigurationList section */
		93B996B326FA1E4E00082181 /* Build configuration list for PBXProject "CameraMakeUp" */ = {
			isa = XCConfigurationList;
			buildConfigurations = (
				93B996CA26FA1E4F00082181 /* Debug */,
				93B996CB26FA1E4F00082181 /* Release */,
			);
			defaultConfigurationIsVisible = 0;
			defaultConfigurationName = Release;
		};
		93B996CC26FA1E4F00082181 /* Build configuration list for PBXNativeTarget "CameraMakeUp" */ = {
			isa = XCConfigurationList;
			buildConfigurations = (
				93B996CD26FA1E4F00082181 /* Debug */,
				93B996CE26FA1E4F00082181 /* Release */,
			);
			defaultConfigurationIsVisible = 0;
			defaultConfigurationName = Release;
		};
/* End XCConfigurationList section */
	};
	rootObject = 93B996B026FA1E4E00082181 /* Project object */;
}
